
Microsoft Visual Studio Solution File, Format Version 12.00
# Visual Studio Version 16
VisualStudioVersion = 16.0.31205.134
MinimumVisualStudioVersion = 10.0.40219.1
Project("{FAE04EC0-301F-11D3-BF4B-00C04F79EFBC}") = "console-bot-multi", "bot-wmos-multi\console-bot-multi.csproj", "{609F77AE-052B-4E16-A191-D7D8622DE4F7}"
EndProject
Global
	GlobalSection(SolutionConfigurationPlatforms) = preSolution
		Debug|Any CPU = Debug|Any CPU
		Release|Any CPU = Release|Any CPU
	EndGlobalSection
	GlobalSection(ProjectConfigurationPlatforms) = postSolution
		{609F77AE-052B-4E16-A191-D7D8622DE4F7}.Debug|Any CPU.ActiveCfg = Debug|Any CPU
		{609F77AE-052B-4E16-A191-D7D8622DE4F7}.Debug|Any CPU.Build.0 = Debug|Any CPU
		{609F77AE-052B-4E16-A191-D7D8622DE4F7}.Release|Any CPU.ActiveCfg = Release|Any CPU
		{609F77AE-052B-4E16-A191-D7D8622DE4F7}.Release|Any CPU.Build.0 = Release|Any CPU
	EndGlobalSection
	GlobalSection(SolutionProperties) = preSolution
		HideSolutionNode = FALSE
	EndGlobalSection
	GlobalSection(ExtensibilityGlobals) = postSolution
		SolutionGuid = {988C23E9-7E7F-4A14-84BF-1C3FE4852D1C}
	EndGlobalSection
EndGlobal
